
Microsoft Visual Studio Solution File, Format Version 12.00
# Visual Studio Version 16
VisualStudioVersion = 16.0.29001.49
MinimumVisualStudioVersion = 10.0.40219.1
Project("{FAE04EC0-301F-11D3-BF4B-00C04F79EFBC}") = "MongoDemo", "MongoDemo\MongoDemo.csproj", "{8158BB72-E40F-46D1-BDE0-B2CFD858C489}"
EndProject
Global
	GlobalSection(SolutionConfigurationPlatforms) = preSolution
		Debug|Any CPU = Debug|Any CPU
		Release|Any CPU = Release|Any CPU
	EndGlobalSection
	GlobalSection(ProjectConfigurationPlatforms) = postSolution
		{8158BB72-E40F-46D1-BDE0-B2CFD858C489}.Debug|Any CPU.ActiveCfg = Debug|Any CPU
		{8158BB72-E40F-46D1-BDE0-B2CFD858C489}.Debug|Any CPU.Build.0 = Debug|Any CPU
		{8158BB72-E40F-46D1-BDE0-B2CFD858C489}.Release|Any CPU.ActiveCfg = Release|Any CPU
		{8158BB72-E40F-46D1-BDE0-B2CFD858C489}.Release|Any CPU.Build.0 = Release|Any CPU
	EndGlobalSection
	GlobalSection(SolutionProperties) = preSolution
		HideSolutionNode = FALSE
	EndGlobalSection
	GlobalSection(ExtensibilityGlobals) = postSolution
		SolutionGuid = {2EF20344-8A08-4654-99E3-19CB94651AEF}
	EndGlobalSection
EndGlobal
